
Microsoft Visual Studio Solution File, Format Version 12.00
# Visual Studio Version 17
VisualStudioVersion = 17.11.35312.102
MinimumVisualStudioVersion = 10.0.40219.1
Project("{FAE04EC0-301F-11D3-BF4B-00C04F79EFBC}") = "WebApplication2", "WebApplication2\WebApplication2.csproj", "{EE2877A5-7AC3-4219-A178-6CEE55B41349}"
EndProject
Global
	GlobalSection(SolutionConfigurationPlatforms) = preSolution
		Debug|Any CPU = Debug|Any CPU
		Release|Any CPU = Release|Any CPU
	EndGlobalSection
	GlobalSection(ProjectConfigurationPlatforms) = postSolution
		{EE2877A5-7AC3-4219-A178-6CEE55B41349}.Debug|Any CPU.ActiveCfg = Debug|Any CPU
		{EE2877A5-7AC3-4219-A178-6CEE55B41349}.Debug|Any CPU.Build.0 = Debug|Any CPU
		{EE2877A5-7AC3-4219-A178-6CEE55B41349}.Release|Any CPU.ActiveCfg = Release|Any CPU
		{EE2877A5-7AC3-4219-A178-6CEE55B41349}.Release|Any CPU.Build.0 = Release|Any CPU
	EndGlobalSection
	GlobalSection(SolutionProperties) = preSolution
		HideSolutionNode = FALSE
	EndGlobalSection
	GlobalSection(ExtensibilityGlobals) = postSolution
		SolutionGuid = {5F9B8FB0-8EEA-4366-A937-7D5944FD4C76}
	EndGlobalSection
EndGlobal
